
Microsoft Visual Studio Solution File, Format Version 12.00
# Visual Studio Version 16
VisualStudioVersion = 16.0.31402.337
MinimumVisualStudioVersion = 10.0.40219.1
Project("{FAE04EC0-301F-11D3-BF4B-00C04F79EFBC}") = "QRTrackerNext.Android", "QRTrackerNext\QRTrackerNext.Android\QRTrackerNext.Android.csproj", "{C5675AE7-5A38-4888-8F2D-91585BBC3330}"
EndProject
Project("{9A19103F-16F7-4668-BE54-9A1E7A4F7556}") = "QRTrackerNext", "QRTrackerNext\QRTrackerNext\QRTrackerNext.csproj", "{8A52B5F0-FE30-4F60-BABA-81E56BC6E570}"
EndProject
Global
	GlobalSection(SolutionConfigurationPlatforms) = preSolution
		Debug|Any CPU = Debug|Any CPU
		Debug|iPhone = Debug|iPhone
		Debug|iPhoneSimulator = Debug|iPhoneSimulator
		Release|Any CPU = Release|Any CPU
		Release|iPhone = Release|iPhone
		Release|iPhoneSimulator = Release|iPhoneSimulator
	EndGlobalSection
	GlobalSection(ProjectConfigurationPlatforms) = postSolution
		{C5675AE7-5A38-4888-8F2D-91585BBC3330}.Debug|Any CPU.ActiveCfg = Debug|Any CPU
		{C5675AE7-5A38-4888-8F2D-91585BBC3330}.Debug|Any CPU.Build.0 = Debug|Any CPU
		{C5675AE7-5A38-4888-8F2D-91585BBC3330}.Debug|Any CPU.Deploy.0 = Debug|Any CPU
		{C5675AE7-5A38-4888-8F2D-91585BBC3330}.Debug|iPhone.ActiveCfg = Debug|Any CPU
		{C5675AE7-5A38-4888-8F2D-91585BBC3330}.Debug|iPhone.Build.0 = Debug|Any CPU
		{C5675AE7-5A38-4888-8F2D-91585BBC3330}.Debug|iPhone.Deploy.0 = Debug|Any CPU
		{C5675AE7-5A38-4888-8F2D-91585BBC3330}.Debug|iPhoneSimulator.ActiveCfg = Debug|Any CPU
		{C5675AE7-5A38-4888-8F2D-91585BBC3330}.Debug|iPhoneSimulator.Build.0 = Debug|Any CPU
		{C5675AE7-5A38-4888-8F2D-91585BBC3330}.Debug|iPhoneSimulator.Deploy.0 = Debug|Any CPU
		{C5675AE7-5A38-4888-8F2D-91585BBC3330}.Release|Any CPU.ActiveCfg = Release|Any CPU
		{C5675AE7-5A38-4888-8F2D-91585BBC3330}.Release|Any CPU.Build.0 = Release|Any CPU
		{C5675AE7-5A38-4888-8F2D-91585BBC3330}.Release|Any CPU.Deploy.0 = Release|Any CPU
		{C5675AE7-5A38-4888-8F2D-91585BBC3330}.Release|iPhone.ActiveCfg = Release|Any CPU
		{C5675AE7-5A38-4888-8F2D-91585BBC3330}.Release|iPhone.Build.0 = Release|Any CPU
		{C5675AE7-5A38-4888-8F2D-91585BBC3330}.Release|iPhone.Deploy.0 = Release|Any CPU
		{C5675AE7-5A38-4888-8F2D-91585BBC3330}.Release|iPhoneSimulator.ActiveCfg = Release|Any CPU
		{C5675AE7-5A38-4888-8F2D-91585BBC3330}.Release|iPhoneSimulator.Build.0 = Release|Any CPU
		{C5675AE7-5A38-4888-8F2D-91585BBC3330}.Release|iPhoneSimulator.Deploy.0 = Release|Any CPU
		{8A52B5F0-FE30-4F60-BABA-81E56BC6E570}.Debug|Any CPU.ActiveCfg = Debug|Any CPU
		{8A52B5F0-FE30-4F60-BABA-81E56BC6E570}.Debug|Any CPU.Build.0 = Debug|Any CPU
		{8A52B5F0-FE30-4F60-BABA-81E56BC6E570}.Debug|Any CPU.Deploy.0 = Debug|Any CPU
		{8A52B5F0-FE30-4F60-BABA-81E56BC6E570}.Debug|iPhone.ActiveCfg = Debug|Any CPU
		{8A52B5F0-FE30-4F60-BABA-81E56BC6E570}.Debug|iPhone.Build.0 = Debug|Any CPU
		{8A52B5F0-FE30-4F60-BABA-81E56BC6E570}.Debug|iPhone.Deploy.0 = Debug|Any CPU
		{8A52B5F0-FE30-4F60-BABA-81E56BC6E570}.Debug|iPhoneSimulator.ActiveCfg = Debug|Any CPU
		{8A52B5F0-FE30-4F60-BABA-81E56BC6E570}.Debug|iPhoneSimulator.Build.0 = Debug|Any CPU
		{8A52B5F0-FE30-4F60-BABA-81E56BC6E570}.Debug|iPhoneSimulator.Deploy.0 = Debug|Any CPU
		{8A52B5F0-FE30-4F60-BABA-81E56BC6E570}.Release|Any CPU.ActiveCfg = Release|Any CPU
		{8A52B5F0-FE30-4F60-BABA-81E56BC6E570}.Release|Any CPU.Build.0 = Release|Any CPU
		{8A52B5F0-FE30-4F60-BABA-81E56BC6E570}.Release|Any CPU.Deploy.0 = Release|Any CPU
		{8A52B5F0-FE30-4F60-BABA-81E56BC6E570}.Release|iPhone.ActiveCfg = Release|Any CPU
		{8A52B5F0-FE30-4F60-BABA-81E56BC6E570}.Release|iPhone.Build.0 = Release|Any CPU
		{8A52B5F0-FE30-4F60-BABA-81E56BC6E570}.Release|iPhone.Deploy.0 = Release|Any CPU
		{8A52B5F0-FE30-4F60-BABA-81E56BC6E570}.Release|iPhoneSimulator.ActiveCfg = Release|Any CPU
		{8A52B5F0-FE30-4F60-BABA-81E56BC6E570}.Release|iPhoneSimulator.Build.0 = Release|Any CPU
		{8A52B5F0-FE30-4F60-BABA-81E56BC6E570}.Release|iPhoneSimulator.Deploy.0 = Release|Any CPU
	EndGlobalSection
	GlobalSection(SolutionProperties) = preSolution
		HideSolutionNode = FALSE
	EndGlobalSection
	GlobalSection(ExtensibilityGlobals) = postSolution
		SolutionGuid = {15EAC46B-F608-4464-8DB4-9FD5FE99950E}
	EndGlobalSection
EndGlobal
